// !$*UTF8*$!
{
	archiveVersion = 1;
	classes = {
	};
	objectVersion = 48;
	objects = {

/* Begin PBXBuildFile section */
		622815C3208E4DC700D85B7B /* MajMinSingViewController.swift in Sources */ = {isa = PBXBuildFile; fileRef = 622815C2208E4DC700D85B7B /* MajMinSingViewController.swift */; };
		622815C5208EE5C700D85B7B /* DescendingDSingViewController.swift in Sources */ = {isa = PBXBuildFile; fileRef = 622815C4208EE5C700D85B7B /* DescendingDSingViewController.swift */; };
		622815C7208EF40E00D85B7B /* ModesSingViewController.swift in Sources */ = {isa = PBXBuildFile; fileRef = 622815C6208EF40E00D85B7B /* ModesSingViewController.swift */; };
		622815C9208EFD7800D85B7B /* ChromaticSingViewController.swift in Sources */ = {isa = PBXBuildFile; fileRef = 622815C8208EFD7800D85B7B /* ChromaticSingViewController.swift */; };
		622815CB2091955C00D85B7B /* SeventhIdentificationViewController.swift in Sources */ = {isa = PBXBuildFile; fileRef = 622815CA2091955C00D85B7B /* SeventhIdentificationViewController.swift */; };
		622815CD2092860200D85B7B /* SingSeventhsViewController.swift in Sources */ = {isa = PBXBuildFile; fileRef = 622815CC2092860200D85B7B /* SingSeventhsViewController.swift */; };
		622815CF2092905A00D85B7B /* AscendingCSingViewController.swift in Sources */ = {isa = PBXBuildFile; fileRef = 622815CE2092905A00D85B7B /* AscendingCSingViewController.swift */; };
		622815D1209297CC00D85B7B /* DescendingCSingViewController.swift in Sources */ = {isa = PBXBuildFile; fileRef = 622815D0209297CC00D85B7B /* DescendingCSingViewController.swift */; };
		623F07D5204A8BB100548DE6 /* TriadIdentificationViewController.swift in Sources */ = {isa = PBXBuildFile; fileRef = 623F07D4204A8BB100548DE6 /* TriadIdentificationViewController.swift */; };
		624D109720807AD7005B65B1 /* AudioKit.framework in Frameworks */ = {isa = PBXBuildFile; fileRef = 624D109620807AD7005B65B1 /* AudioKit.framework */; };
		6253633A2074A36D0097AB11 /* SingTriadsViewController.swift in Sources */ = {isa = PBXBuildFile; fileRef = 625363392074A36D0097AB11 /* SingTriadsViewController.swift */; };
		6253633F2074B46D0097AB11 /* Kawai-K11-GrPiano-C4.wav in Resources */ = {isa = PBXBuildFile; fileRef = 6253633B2074B46D0097AB11 /* Kawai-K11-GrPiano-C4.wav */; };
		625363402074B46D0097AB11 /* Ensoniq-SQ-1-French-Horn-C4.wav in Resources */ = {isa = PBXBuildFile; fileRef = 6253633C2074B46D0097AB11 /* Ensoniq-SQ-1-French-Horn-C4.wav */; };
		625363412074B46D0097AB11 /* Alesis-Fusion-Pizzicato-Strings-C4.wav in Resources */ = {isa = PBXBuildFile; fileRef = 6253633D2074B46D0097AB11 /* Alesis-Fusion-Pizzicato-Strings-C4.wav */; };
		625363422074B46D0097AB11 /* Ensoniq-SQ-1-Clarinet-C4.wav in Resources */ = {isa = PBXBuildFile; fileRef = 6253633E2074B46D0097AB11 /* Ensoniq-SQ-1-Clarinet-C4.wav */; };
		6259F0052079E11F00887FAC /* DescendingChromaticViewController.swift in Sources */ = {isa = PBXBuildFile; fileRef = 6259F0042079E11F00887FAC /* DescendingChromaticViewController.swift */; };
		6259F007207C6A6100887FAC /* ModesScalesViewController.swift in Sources */ = {isa = PBXBuildFile; fileRef = 6259F006207C6A6100887FAC /* ModesScalesViewController.swift */; };
		6259F009207DF1F600887FAC /* ChromaticScalesViewController.swift in Sources */ = {isa = PBXBuildFile; fileRef = 6259F008207DF1F600887FAC /* ChromaticScalesViewController.swift */; };
		629F43902080AEE70000E682 /* Conductor.swift in Sources */ = {isa = PBXBuildFile; fileRef = 629F438F2080AEE70000E682 /* Conductor.swift */; };
		62A0E46F2027055D002995D7 /* ExerciseTableViewController.swift in Sources */ = {isa = PBXBuildFile; fileRef = 62A0E46E2027055D002995D7 /* ExerciseTableViewController.swift */; };
		62A0E471202708B2002995D7 /* ExerciseTableViewCell.swift in Sources */ = {isa = PBXBuildFile; fileRef = 62A0E470202708B2002995D7 /* ExerciseTableViewCell.swift */; };
		62A0E473202BDAC1002995D7 /* IntervalTableViewController.swift in Sources */ = {isa = PBXBuildFile; fileRef = 62A0E472202BDAC1002995D7 /* IntervalTableViewController.swift */; };
		62A0E477202BE29A002995D7 /* AscendingDiatonicViewController.swift in Sources */ = {isa = PBXBuildFile; fileRef = 62A0E476202BE29A002995D7 /* AscendingDiatonicViewController.swift */; };
		62A0E479202BE7D4002995D7 /* ScalesTableViewController.swift in Sources */ = {isa = PBXBuildFile; fileRef = 62A0E478202BE7D4002995D7 /* ScalesTableViewController.swift */; };
		62A0E47D202CD356002995D7 /* ChordsTableViewController.swift in Sources */ = {isa = PBXBuildFile; fileRef = 62A0E47C202CD356002995D7 /* ChordsTableViewController.swift */; };
		62A0E47F202E852C002995D7 /* AscendingChromaticViewController.swift in Sources */ = {isa = PBXBuildFile; fileRef = 62A0E47E202E852C002995D7 /* AscendingChromaticViewController.swift */; };
		62A0E48120312E7E002995D7 /* MajMinScalesViewController.swift in Sources */ = {isa = PBXBuildFile; fileRef = 62A0E48020312E7E002995D7 /* MajMinScalesViewController.swift */; };
		62A0E48320352206002995D7 /* AscendingDSingIntervalViewController.swift in Sources */ = {isa = PBXBuildFile; fileRef = 62A0E48220352206002995D7 /* AscendingDSingIntervalViewController.swift */; };
		62A16CFE200F30C600C5BED3 /* AppDelegate.swift in Sources */ = {isa = PBXBuildFile; fileRef = 62A16CFD200F30C600C5BED3 /* AppDelegate.swift */; };
		62A16D03200F30C600C5BED3 /* Main.storyboard in Resources */ = {isa = PBXBuildFile; fileRef = 62A16D01200F30C600C5BED3 /* Main.storyboard */; };
		62A16D05200F30C600C5BED3 /* Assets.xcassets in Resources */ = {isa = PBXBuildFile; fileRef = 62A16D04200F30C600C5BED3 /* Assets.xcassets */; };
		62A16D08200F30C600C5BED3 /* LaunchScreen.storyboard in Resources */ = {isa = PBXBuildFile; fileRef = 62A16D06200F30C600C5BED3 /* LaunchScreen.storyboard */; };
		62C2C7AF20493B640069ECEC /* DescendingDiatonicViewController.swift in Sources */ = {isa = PBXBuildFile; fileRef = 62C2C7AE20493B640069ECEC /* DescendingDiatonicViewController.swift */; };
/* End PBXBuildFile section */

/* Begin PBXCopyFilesBuildPhase section */
		625CA5082080587D005274FB /* Embed Frameworks */ = {
			isa = PBXCopyFilesBuildPhase;
			buildActionMask = 2147483647;
			dstPath = "";
			dstSubfolderSpec = 10;
			files = (
			);
			name = "Embed Frameworks";
			runOnlyForDeploymentPostprocessing = 0;
		};
/* End PBXCopyFilesBuildPhase section */

/* Begin PBXFileReference section */
		622815C2208E4DC700D85B7B /* MajMinSingViewController.swift */ = {isa = PBXFileReference; lastKnownFileType = sourcecode.swift; path = MajMinSingViewController.swift; sourceTree = "<group>"; };
		622815C4208EE5C700D85B7B /* DescendingDSingViewController.swift */ = {isa = PBXFileReference; lastKnownFileType = sourcecode.swift; path = DescendingDSingViewController.swift; sourceTree = "<group>"; };
		622815C6208EF40E00D85B7B /* ModesSingViewController.swift */ = {isa = PBXFileReference; lastKnownFileType = sourcecode.swift; path = ModesSingViewController.swift; sourceTree = "<group>"; };
		622815C8208EFD7800D85B7B /* ChromaticSingViewController.swift */ = {isa = PBXFileReference; lastKnownFileType = sourcecode.swift; path = ChromaticSingViewController.swift; sourceTree = "<group>"; };
		622815CA2091955C00D85B7B /* SeventhIdentificationViewController.swift */ = {isa = PBXFileReference; lastKnownFileType = sourcecode.swift; path = SeventhIdentificationViewController.swift; sourceTree = "<group>"; };
		622815CC2092860200D85B7B /* SingSeventhsViewController.swift */ = {isa = PBXFileReference; lastKnownFileType = sourcecode.swift; path = SingSeventhsViewController.swift; sourceTree = "<group>"; };
		622815CE2092905A00D85B7B /* AscendingCSingViewController.swift */ = {isa = PBXFileReference; lastKnownFileType = sourcecode.swift; path = AscendingCSingViewController.swift; sourceTree = "<group>"; };
		622815D0209297CC00D85B7B /* DescendingCSingViewController.swift */ = {isa = PBXFileReference; lastKnownFileType = sourcecode.swift; path = DescendingCSingViewController.swift; sourceTree = "<group>"; };
		623F07D4204A8BB100548DE6 /* TriadIdentificationViewController.swift */ = {isa = PBXFileReference; lastKnownFileType = sourcecode.swift; path = TriadIdentificationViewController.swift; sourceTree = "<group>"; };
		624D109620807AD7005B65B1 /* AudioKit.framework */ = {isa = PBXFileReference; lastKnownFileType = wrapper.framework; path = AudioKit.framework; sourceTree = "<group>"; };
		625363392074A36D0097AB11 /* SingTriadsViewController.swift */ = {isa = PBXFileReference; lastKnownFileType = sourcecode.swift; path = SingTriadsViewController.swift; sourceTree = "<group>"; };
		6253633B2074B46D0097AB11 /* Kawai-K11-GrPiano-C4.wav */ = {isa = PBXFileReference; lastKnownFileType = audio.wav; name = "Kawai-K11-GrPiano-C4.wav"; path = "../../../../Senior Sem/Project/Sounds/Kawai-K11-GrPiano-C4.wav"; sourceTree = "<group>"; };
		6253633C2074B46D0097AB11 /* Ensoniq-SQ-1-French-Horn-C4.wav */ = {isa = PBXFileReference; lastKnownFileType = audio.wav; name = "Ensoniq-SQ-1-French-Horn-C4.wav"; path = "../../../../Senior Sem/Project/Sounds/Ensoniq-SQ-1-French-Horn-C4.wav"; sourceTree = "<group>"; };
		6253633D2074B46D0097AB11 /* Alesis-Fusion-Pizzicato-Strings-C4.wav */ = {isa = PBXFileReference; lastKnownFileType = audio.wav; name = "Alesis-Fusion-Pizzicato-Strings-C4.wav"; path = "../../../../Senior Sem/Project/Sounds/Alesis-Fusion-Pizzicato-Strings-C4.wav"; sourceTree = "<group>"; };
		6253633E2074B46D0097AB11 /* Ensoniq-SQ-1-Clarinet-C4.wav */ = {isa = PBXFileReference; lastKnownFileType = audio.wav; name = "Ensoniq-SQ-1-Clarinet-C4.wav"; path = "../../../../Senior Sem/Project/Sounds/Ensoniq-SQ-1-Clarinet-C4.wav"; sourceTree = "<group>"; };
		6259F0042079E11F00887FAC /* DescendingChromaticViewController.swift */ = {isa = PBXFileReference; lastKnownFileType = sourcecode.swift; path = DescendingChromaticViewController.swift; sourceTree = "<group>"; };
		6259F006207C6A6100887FAC /* ModesScalesViewController.swift */ = {isa = PBXFileReference; lastKnownFileType = sourcecode.swift; path = ModesScalesViewController.swift; sourceTree = "<group>"; };
		6259F008207DF1F600887FAC /* ChromaticScalesViewController.swift */ = {isa = PBXFileReference; lastKnownFileType = sourcecode.swift; path = ChromaticScalesViewController.swift; sourceTree = "<group>"; };
		629F438F2080AEE70000E682 /* Conductor.swift */ = {isa = PBXFileReference; lastKnownFileType = sourcecode.swift; path = Conductor.swift; sourceTree = "<group>"; };
		62A0E46E2027055D002995D7 /* ExerciseTableViewController.swift */ = {isa = PBXFileReference; lastKnownFileType = sourcecode.swift; path = ExerciseTableViewController.swift; sourceTree = "<group>"; };
		62A0E470202708B2002995D7 /* ExerciseTableViewCell.swift */ = {isa = PBXFileReference; lastKnownFileType = sourcecode.swift; path = ExerciseTableViewCell.swift; sourceTree = "<group>"; };
		62A0E472202BDAC1002995D7 /* IntervalTableViewController.swift */ = {isa = PBXFileReference; lastKnownFileType = sourcecode.swift; path = IntervalTableViewController.swift; sourceTree = "<group>"; };
		62A0E476202BE29A002995D7 /* AscendingDiatonicViewController.swift */ = {isa = PBXFileReference; lastKnownFileType = sourcecode.swift; path = AscendingDiatonicViewController.swift; sourceTree = "<group>"; };
		62A0E478202BE7D4002995D7 /* ScalesTableViewController.swift */ = {isa = PBXFileReference; lastKnownFileType = sourcecode.swift; path = ScalesTableViewController.swift; sourceTree = "<group>"; };
		62A0E47C202CD356002995D7 /* ChordsTableViewController.swift */ = {isa = PBXFileReference; lastKnownFileType = sourcecode.swift; path = ChordsTableViewController.swift; sourceTree = "<group>"; };
		62A0E47E202E852C002995D7 /* AscendingChromaticViewController.swift */ = {isa = PBXFileReference; lastKnownFileType = sourcecode.swift; path = AscendingChromaticViewController.swift; sourceTree = "<group>"; };
		62A0E48020312E7E002995D7 /* MajMinScalesViewController.swift */ = {isa = PBXFileReference; lastKnownFileType = sourcecode.swift; path = MajMinScalesViewController.swift; sourceTree = "<group>"; };
		62A0E48220352206002995D7 /* AscendingDSingIntervalViewController.swift */ = {isa = PBXFileReference; lastKnownFileType = sourcecode.swift; path = AscendingDSingIntervalViewController.swift; sourceTree = "<group>"; };
		62A16CFA200F30C600C5BED3 /* EarTraining.app */ = {isa = PBXFileReference; explicitFileType = wrapper.application; includeInIndex = 0; path = EarTraining.app; sourceTree = BUILT_PRODUCTS_DIR; };
		62A16CFD200F30C600C5BED3 /* AppDelegate.swift */ = {isa = PBXFileReference; lastKnownFileType = sourcecode.swift; path = AppDelegate.swift; sourceTree = "<group>"; };
		62A16D02200F30C600C5BED3 /* Base */ = {isa = PBXFileReference; lastKnownFileType = file.storyboard; name = Base; path = Base.lproj/Main.storyboard; sourceTree = "<group>"; };
		62A16D04200F30C600C5BED3 /* Assets.xcassets */ = {isa = PBXFileReference; lastKnownFileType = folder.assetcatalog; path = Assets.xcassets; sourceTree = "<group>"; };
		62A16D07200F30C600C5BED3 /* Base */ = {isa = PBXFileReference; lastKnownFileType = file.storyboard; name = Base; path = Base.lproj/LaunchScreen.storyboard; sourceTree = "<group>"; };
		62A16D09200F30C600C5BED3 /* Info.plist */ = {isa = PBXFileReference; lastKnownFileType = text.plist.xml; path = Info.plist; sourceTree = "<group>"; };
		62C2C7AE20493B640069ECEC /* DescendingDiatonicViewController.swift */ = {isa = PBXFileReference; lastKnownFileType = sourcecode.swift; path = DescendingDiatonicViewController.swift; sourceTree = "<group>"; };
/* End PBXFileReference section */

/* Begin PBXFrameworksBuildPhase section */
		62A16CF7200F30C600C5BED3 /* Frameworks */ = {
			isa = PBXFrameworksBuildPhase;
			buildActionMask = 2147483647;
			files = (
				624D109720807AD7005B65B1 /* AudioKit.framework in Frameworks */,
			);
			runOnlyForDeploymentPostprocessing = 0;
		};
/* End PBXFrameworksBuildPhase section */

/* Begin PBXGroup section */
		623F07D1204A21E600548DE6 /* IntervalExercises */ = {
			isa = PBXGroup;
			children = (
				62A0E472202BDAC1002995D7 /* IntervalTableViewController.swift */,
				62A0E476202BE29A002995D7 /* AscendingDiatonicViewController.swift */,
				62C2C7AE20493B640069ECEC /* DescendingDiatonicViewController.swift */,
				62A0E47E202E852C002995D7 /* AscendingChromaticViewController.swift */,
				6259F0042079E11F00887FAC /* DescendingChromaticViewController.swift */,
				62A0E48220352206002995D7 /* AscendingDSingIntervalViewController.swift */,
				622815C4208EE5C700D85B7B /* DescendingDSingViewController.swift */,
				622815CE2092905A00D85B7B /* AscendingCSingViewController.swift */,
				622815D0209297CC00D85B7B /* DescendingCSingViewController.swift */,
			);
			path = IntervalExercises;
			sourceTree = "<group>";
		};
		623F07D2204A222400548DE6 /* ScaleExercises */ = {
			isa = PBXGroup;
			children = (
				62A0E478202BE7D4002995D7 /* ScalesTableViewController.swift */,
				62A0E48020312E7E002995D7 /* MajMinScalesViewController.swift */,
				6259F006207C6A6100887FAC /* ModesScalesViewController.swift */,
				6259F008207DF1F600887FAC /* ChromaticScalesViewController.swift */,
				622815C2208E4DC700D85B7B /* MajMinSingViewController.swift */,
				622815C6208EF40E00D85B7B /* ModesSingViewController.swift */,
				622815C8208EFD7800D85B7B /* ChromaticSingViewController.swift */,
			);
			path = ScaleExercises;
			sourceTree = "<group>";
		};
		623F07D3204A224200548DE6 /* ChordExercises */ = {
			isa = PBXGroup;
			children = (
				62A0E47C202CD356002995D7 /* ChordsTableViewController.swift */,
				623F07D4204A8BB100548DE6 /* TriadIdentificationViewController.swift */,
				625363392074A36D0097AB11 /* SingTriadsViewController.swift */,
				622815CA2091955C00D85B7B /* SeventhIdentificationViewController.swift */,
				622815CC2092860200D85B7B /* SingSeventhsViewController.swift */,
			);
			path = ChordExercises;
			sourceTree = "<group>";
		};
		624D109320807916005B65B1 /* Frameworks */ = {
			isa = PBXGroup;
			children = (
				624D109620807AD7005B65B1 /* AudioKit.framework */,
			);
			name = Frameworks;
			sourceTree = "<group>";
		};
		62A16CF1200F30C600C5BED3 = {
			isa = PBXGroup;
			children = (
				62A16CFC200F30C600C5BED3 /* EarTraining */,
				62A16CFB200F30C600C5BED3 /* Products */,
				624D109320807916005B65B1 /* Frameworks */,
			);
			sourceTree = "<group>";
		};
		62A16CFB200F30C600C5BED3 /* Products */ = {
			isa = PBXGroup;
			children = (
				62A16CFA200F30C600C5BED3 /* EarTraining.app */,
			);
			name = Products;
			sourceTree = "<group>";
		};
		62A16CFC200F30C600C5BED3 /* EarTraining */ = {
			isa = PBXGroup;
			children = (
				62F3396B205A27AF006F38F6 /* Sounds */,
				62A16CFD200F30C600C5BED3 /* AppDelegate.swift */,
				62A16D01200F30C600C5BED3 /* Main.storyboard */,
				62A16D04200F30C600C5BED3 /* Assets.xcassets */,
				62A16D06200F30C600C5BED3 /* LaunchScreen.storyboard */,
				62A16D09200F30C600C5BED3 /* Info.plist */,
				62A0E46E2027055D002995D7 /* ExerciseTableViewController.swift */,
				62A0E470202708B2002995D7 /* ExerciseTableViewCell.swift */,
				623F07D2204A222400548DE6 /* ScaleExercises */,
				623F07D3204A224200548DE6 /* ChordExercises */,
				623F07D1204A21E600548DE6 /* IntervalExercises */,
				629F438F2080AEE70000E682 /* Conductor.swift */,
			);
			path = EarTraining;
			sourceTree = "<group>";
		};
		62F3396B205A27AF006F38F6 /* Sounds */ = {
			isa = PBXGroup;
			children = (
				6253633D2074B46D0097AB11 /* Alesis-Fusion-Pizzicato-Strings-C4.wav */,
				6253633E2074B46D0097AB11 /* Ensoniq-SQ-1-Clarinet-C4.wav */,
				6253633C2074B46D0097AB11 /* Ensoniq-SQ-1-French-Horn-C4.wav */,
				6253633B2074B46D0097AB11 /* Kawai-K11-GrPiano-C4.wav */,
			);
			path = Sounds;
			sourceTree = "<group>";
		};
/* End PBXGroup section */

/* Begin PBXNativeTarget section */
		62A16CF9200F30C600C5BED3 /* EarTraining */ = {
			isa = PBXNativeTarget;
			buildConfigurationList = 62A16D0C200F30C600C5BED3 /* Build configuration list for PBXNativeTarget "EarTraining" */;
			buildPhases = (
				62A16CF6200F30C600C5BED3 /* Sources */,
				62A16CF7200F30C600C5BED3 /* Frameworks */,
				62A16CF8200F30C600C5BED3 /* Resources */,
				625CA5082080587D005274FB /* Embed Frameworks */,
			);
			buildRules = (
			);
			dependencies = (
			);
			name = EarTraining;
			productName = EarTraining;
			productReference = 62A16CFA200F30C600C5BED3 /* EarTraining.app */;
			productType = "com.apple.product-type.application";
		};
/* End PBXNativeTarget section */

/* Begin PBXProject section */
		62A16CF2200F30C600C5BED3 /* Project object */ = {
			isa = PBXProject;
			attributes = {
				LastSwiftUpdateCheck = 0910;
				LastUpgradeCheck = 0930;
				ORGANIZATIONNAME = "Ariel Todoki";
				TargetAttributes = {
					62A16CF9200F30C600C5BED3 = {
						CreatedOnToolsVersion = 9.1;
						ProvisioningStyle = Automatic;
					};
				};
			};
			buildConfigurationList = 62A16CF5200F30C600C5BED3 /* Build configuration list for PBXProject "EarTraining" */;
			compatibilityVersion = "Xcode 8.0";
			developmentRegion = en;
			hasScannedForEncodings = 0;
			knownRegions = (
				en,
				Base,
			);
			mainGroup = 62A16CF1200F30C600C5BED3;
			productRefGroup = 62A16CFB200F30C600C5BED3 /* Products */;
			projectDirPath = "";
			projectRoot = "";
			targets = (
				62A16CF9200F30C600C5BED3 /* EarTraining */,
			);
		};
/* End PBXProject section */

/* Begin PBXResourcesBuildPhase section */
		62A16CF8200F30C600C5BED3 /* Resources */ = {
			isa = PBXResourcesBuildPhase;
			buildActionMask = 2147483647;
			files = (
				6253633F2074B46D0097AB11 /* Kawai-K11-GrPiano-C4.wav in Resources */,
				62A16D08200F30C600C5BED3 /* LaunchScreen.storyboard in Resources */,
				62A16D05200F30C600C5BED3 /* Assets.xcassets in Resources */,
				62A16D03200F30C600C5BED3 /* Main.storyboard in Resources */,
				625363402074B46D0097AB11 /* Ensoniq-SQ-1-French-Horn-C4.wav in Resources */,
				625363412074B46D0097AB11 /* Alesis-Fusion-Pizzicato-Strings-C4.wav in Resources */,
				625363422074B46D0097AB11 /* Ensoniq-SQ-1-Clarinet-C4.wav in Resources */,
			);
			runOnlyForDeploymentPostprocessing = 0;
		};
/* End PBXResourcesBuildPhase section */

/* Begin PBXSourcesBuildPhase section */
		62A16CF6200F30C600C5BED3 /* Sources */ = {
			isa = PBXSourcesBuildPhase;
			buildActionMask = 2147483647;
			files = (
				622815C9208EFD7800D85B7B /* ChromaticSingViewController.swift in Sources */,
				62A0E473202BDAC1002995D7 /* IntervalTableViewController.swift in Sources */,
				622815CB2091955C00D85B7B /* SeventhIdentificationViewController.swift in Sources */,
				62A0E48120312E7E002995D7 /* MajMinScalesViewController.swift in Sources */,
				629F43902080AEE70000E682 /* Conductor.swift in Sources */,
				6259F009207DF1F600887FAC /* ChromaticScalesViewController.swift in Sources */,
				622815CD2092860200D85B7B /* SingSeventhsViewController.swift in Sources */,
				62A0E471202708B2002995D7 /* ExerciseTableViewCell.swift in Sources */,
				622815C5208EE5C700D85B7B /* DescendingDSingViewController.swift in Sources */,
				62A16CFE200F30C600C5BED3 /* AppDelegate.swift in Sources */,
				622815D1209297CC00D85B7B /* DescendingCSingViewController.swift in Sources */,
				62A0E47D202CD356002995D7 /* ChordsTableViewController.swift in Sources */,
				62A0E479202BE7D4002995D7 /* ScalesTableViewController.swift in Sources */,
				623F07D5204A8BB100548DE6 /* TriadIdentificationViewController.swift in Sources */,
				6253633A2074A36D0097AB11 /* SingTriadsViewController.swift in Sources */,
				62A0E46F2027055D002995D7 /* ExerciseTableViewController.swift in Sources */,
				622815C7208EF40E00D85B7B /* ModesSingViewController.swift in Sources */,
				62A0E47F202E852C002995D7 /* AscendingChromaticViewController.swift in Sources */,
				62C2C7AF20493B640069ECEC /* DescendingDiatonicViewController.swift in Sources */,
				622815C3208E4DC700D85B7B /* MajMinSingViewController.swift in Sources */,
				6259F0052079E11F00887FAC /* DescendingChromaticViewController.swift in Sources */,
				622815CF2092905A00D85B7B /* AscendingCSingViewController.swift in Sources */,
				6259F007207C6A6100887FAC /* ModesScalesViewController.swift in Sources */,
				62A0E48320352206002995D7 /* AscendingDSingIntervalViewController.swift in Sources */,
				62A0E477202BE29A002995D7 /* AscendingDiatonicViewController.swift in Sources */,
			);
			runOnlyForDeploymentPostprocessing = 0;
		};
/* End PBXSourcesBuildPhase section */

/* Begin PBXVariantGroup section */
		62A16D01200F30C600C5BED3 /* Main.storyboard */ = {
			isa = PBXVariantGroup;
			children = (
				62A16D02200F30C600C5BED3 /* Base */,
			);
			name = Main.storyboard;
			sourceTree = "<group>";
		};
		62A16D06200F30C600C5BED3 /* LaunchScreen.storyboard */ = {
			isa = PBXVariantGroup;
			children = (
				62A16D07200F30C600C5BED3 /* Base */,
			);
			name = LaunchScreen.storyboard;
			sourceTree = "<group>";
		};
/* End PBXVariantGroup section */

/* Begin XCBuildConfiguration section */
		62A16D0A200F30C600C5BED3 /* Debug */ = {
			isa = XCBuildConfiguration;
			buildSettings = {
				ALWAYS_SEARCH_USER_PATHS = NO;
				CLANG_ANALYZER_NONNULL = YES;
				CLANG_ANALYZER_NUMBER_OBJECT_CONVERSION = YES_AGGRESSIVE;
				CLANG_CXX_LANGUAGE_STANDARD = "gnu++14";
				CLANG_CXX_LIBRARY = "libc++";
				CLANG_ENABLE_MODULES = YES;
				CLANG_ENABLE_OBJC_ARC = YES;
				CLANG_WARN_BLOCK_CAPTURE_AUTORELEASING = YES;
				CLANG_WARN_BOOL_CONVERSION = YES;
				CLANG_WARN_COMMA = YES;
				CLANG_WARN_CONSTANT_CONVERSION = YES;
				CLANG_WARN_DEPRECATED_OBJC_IMPLEMENTATIONS = YES;
				CLANG_WARN_DIRECT_OBJC_ISA_USAGE = YES_ERROR;
				CLANG_WARN_DOCUMENTATION_COMMENTS = YES;
				CLANG_WARN_EMPTY_BODY = YES;
				CLANG_WARN_ENUM_CONVERSION = YES;
				CLANG_WARN_INFINITE_RECURSION = YES;
				CLANG_WARN_INT_CONVERSION = YES;
				CLANG_WARN_NON_LITERAL_NULL_CONVERSION = YES;
				CLANG_WARN_OBJC_IMPLICIT_RETAIN_SELF = YES;
				CLANG_WARN_OBJC_LITERAL_CONVERSION = YES;
				CLANG_WARN_OBJC_ROOT_CLASS = YES_ERROR;
				CLANG_WARN_RANGE_LOOP_ANALYSIS = YES;
				CLANG_WARN_STRICT_PROTOTYPES = YES;
				CLANG_WARN_SUSPICIOUS_MOVE = YES;
				CLANG_WARN_UNGUARDED_AVAILABILITY = YES_AGGRESSIVE;
				CLANG_WARN_UNREACHABLE_CODE = YES;
				CLANG_WARN__DUPLICATE_METHOD_MATCH = YES;
				CODE_SIGN_IDENTITY = "iPhone Developer";
				COPY_PHASE_STRIP = NO;
				DEBUG_INFORMATION_FORMAT = dwarf;
				ENABLE_STRICT_OBJC_MSGSEND = YES;
				ENABLE_TESTABILITY = YES;
				GCC_C_LANGUAGE_STANDARD = gnu11;
				GCC_DYNAMIC_NO_PIC = NO;
				GCC_NO_COMMON_BLOCKS = YES;
				GCC_OPTIMIZATION_LEVEL = 0;
				GCC_PREPROCESSOR_DEFINITIONS = (
					"DEBUG=1",
					"$(inherited)",
				);
				GCC_WARN_64_TO_32_BIT_CONVERSION = YES;
				GCC_WARN_ABOUT_RETURN_TYPE = YES_ERROR;
				GCC_WARN_UNDECLARED_SELECTOR = YES;
				GCC_WARN_UNINITIALIZED_AUTOS = YES_AGGRESSIVE;
				GCC_WARN_UNUSED_FUNCTION = YES;
				GCC_WARN_UNUSED_VARIABLE = YES;
				IPHONEOS_DEPLOYMENT_TARGET = 11.1;
				MTL_ENABLE_DEBUG_INFO = YES;
				ONLY_ACTIVE_ARCH = YES;
				SDKROOT = iphoneos;
				SWIFT_ACTIVE_COMPILATION_CONDITIONS = DEBUG;
				SWIFT_OPTIMIZATION_LEVEL = "-Onone";
			};
			name = Debug;
		};
		62A16D0B200F30C600C5BED3 /* Release */ = {
			isa = XCBuildConfiguration;
			buildSettings = {
				ALWAYS_SEARCH_USER_PATHS = NO;
				CLANG_ANALYZER_NONNULL = YES;
				CLANG_ANALYZER_NUMBER_OBJECT_CONVERSION = YES_AGGRESSIVE;
				CLANG_CXX_LANGUAGE_STANDARD = "gnu++14";
				CLANG_CXX_LIBRARY = "libc++";
				CLANG_ENABLE_MODULES = YES;
				CLANG_ENABLE_OBJC_ARC = YES;
				CLANG_WARN_BLOCK_CAPTURE_AUTORELEASING = YES;
				CLANG_WARN_BOOL_CONVERSION = YES;
				CLANG_WARN_COMMA = YES;
				CLANG_WARN_CONSTANT_CONVERSION = YES;
				CLANG_WARN_DEPRECATED_OBJC_IMPLEMENTATIONS = YES;
				CLANG_WARN_DIRECT_OBJC_ISA_USAGE = YES_ERROR;
				CLANG_WARN_DOCUMENTATION_COMMENTS = YES;
				CLANG_WARN_EMPTY_BODY = YES;
				CLANG_WARN_ENUM_CONVERSION = YES;
				CLANG_WARN_INFINITE_RECURSION = YES;
				CLANG_WARN_INT_CONVERSION = YES;
				CLANG_WARN_NON_LITERAL_NULL_CONVERSION = YES;
				CLANG_WARN_OBJC_IMPLICIT_RETAIN_SELF = YES;
				CLANG_WARN_OBJC_LITERAL_CONVERSION = YES;
				CLANG_WARN_OBJC_ROOT_CLASS = YES_ERROR;
				CLANG_WARN_RANGE_LOOP_ANALYSIS = YES;
				CLANG_WARN_STRICT_PROTOTYPES = YES;
				CLANG_WARN_SUSPICIOUS_MOVE = YES;
				CLANG_WARN_UNGUARDED_AVAILABILITY = YES_AGGRESSIVE;
				CLANG_WARN_UNREACHABLE_CODE = YES;
				CLANG_WARN__DUPLICATE_METHOD_MATCH = YES;
				CODE_SIGN_IDENTITY = "iPhone Developer";
				COPY_PHASE_STRIP = NO;
				DEBUG_INFORMATION_FORMAT = "dwarf-with-dsym";
				ENABLE_NS_ASSERTIONS = NO;
				ENABLE_STRICT_OBJC_MSGSEND = YES;
				GCC_C_LANGUAGE_STANDARD = gnu11;
				GCC_NO_COMMON_BLOCKS = YES;
				GCC_WARN_64_TO_32_BIT_CONVERSION = YES;
				GCC_WARN_ABOUT_RETURN_TYPE = YES_ERROR;
				GCC_WARN_UNDECLARED_SELECTOR = YES;
				GCC_WARN_UNINITIALIZED_AUTOS = YES_AGGRESSIVE;
				GCC_WARN_UNUSED_FUNCTION = YES;
				GCC_WARN_UNUSED_VARIABLE = YES;
				IPHONEOS_DEPLOYMENT_TARGET = 11.1;
				MTL_ENABLE_DEBUG_INFO = NO;
				SDKROOT = iphoneos;
				SWIFT_OPTIMIZATION_LEVEL = "-Owholemodule";
				VALIDATE_PRODUCT = YES;
			};
			name = Release;
		};
		62A16D0D200F30C600C5BED3 /* Debug */ = {
			isa = XCBuildConfiguration;
			buildSettings = {
				ASSETCATALOG_COMPILER_APPICON_NAME = AppIcon;
				CODE_SIGN_STYLE = Automatic;
				DEVELOPMENT_TEAM = 3ATMZZN7ZA;
				ENABLE_BITCODE = YES;
				FRAMEWORK_SEARCH_PATHS = (
					"$(inherited)",
					"$(PROJECT_DIR)",
				);
				INFOPLIST_FILE = EarTraining/Info.plist;
				LD_RUNPATH_SEARCH_PATHS = "$(inherited) @executable_path/Frameworks";
				"OTHER_LDFLAGS[sdk=*]" = "-lstdc++";
				PRODUCT_BUNDLE_IDENTIFIER = com.ariel.EarTraining;
				PRODUCT_NAME = "$(TARGET_NAME)";
				SWIFT_VERSION = 4.0;
				TARGETED_DEVICE_FAMILY = "1,2";
			};
			name = Debug;
		};
		62A16D0E200F30C600C5BED3 /* Release */ = {
			isa = XCBuildConfiguration;
			buildSettings = {
				ASSETCATALOG_COMPILER_APPICON_NAME = AppIcon;
				CODE_SIGN_STYLE = Automatic;
				DEVELOPMENT_TEAM = 3ATMZZN7ZA;
				ENABLE_BITCODE = YES;
				FRAMEWORK_SEARCH_PATHS = (
					"$(inherited)",
					"$(PROJECT_DIR)",
				);
				INFOPLIST_FILE = EarTraining/Info.plist;
				LD_RUNPATH_SEARCH_PATHS = "$(inherited) @executable_path/Frameworks";
				"OTHER_LDFLAGS[arch=*]" = "-lstdc++";
				PRODUCT_BUNDLE_IDENTIFIER = com.ariel.EarTraining;
				PRODUCT_NAME = "$(TARGET_NAME)";
				SWIFT_VERSION = 4.0;
				TARGETED_DEVICE_FAMILY = "1,2";
			};
			name = Release;
		};
/* End XCBuildConfiguration section */

/* Begin XCConfigurationList section */
		62A16CF5200F30C600C5BED3 /* Build configuration list for PBXProject "EarTraining" */ = {
			isa = XCConfigurationList;
			buildConfigurations = (
				62A16D0A200F30C600C5BED3 /* Debug */,
				62A16D0B200F30C600C5BED3 /* Release */,
			);
			defaultConfigurationIsVisible = 0;
			defaultConfigurationName = Release;
		};
		62A16D0C200F30C600C5BED3 /* Build configuration list for PBXNativeTarget "EarTraining" */ = {
			isa = XCConfigurationList;
			buildConfigurations = (
				62A16D0D200F30C600C5BED3 /* Debug */,
				62A16D0E200F30C600C5BED3 /* Release */,
			);
			defaultConfigurationIsVisible = 0;
			defaultConfigurationName = Release;
		};
/* End XCConfigurationList section */
	};
	rootObject = 62A16CF2200F30C600C5BED3 /* Project object */;
}
